
Microsoft Visual Studio Solution File, Format Version 12.00
# Visual Studio Version 16
VisualStudioVersion = 16.0.29409.12
MinimumVisualStudioVersion = 10.0.40219.1
Project("{D954291E-2A0B-460D-934E-DC6B0785DB48}") = "ALARm", "ALARm.shproj", "{333AE31A-6197-422B-9F9C-6A6A0814AF90}"
EndProject
Project("{9A19103F-16F7-4668-BE54-9A1E7A4F7556}") = "ALARm.DataAccess", "ALARm.DataAccess\ALARm.DataAccess.csproj", "{DFBEF14E-4CA6-4DAA-BDA8-526B86293F11}"
EndProject
Project("{FAE04EC0-301F-11D3-BF4B-00C04F79EFBC}") = "ALARm.Services", "ALARm.Services\ALARm.Services.csproj", "{DBAF0C4F-958A-4495-BF63-16ED2121918B}"
	ProjectSection(ProjectDependencies) = postProject
		{DFBEF14E-4CA6-4DAA-BDA8-526B86293F11} = {DFBEF14E-4CA6-4DAA-BDA8-526B86293F11}
	EndProjectSection
EndProject
Project("{9A19103F-16F7-4668-BE54-9A1E7A4F7556}") = "AlarmPP.Web", "AlarmPP.Web\AlarmPP.Web.csproj", "{EB585C0F-691C-4F94-A2E1-DFCA99A9BC3D}"
EndProject
Project("{FAE04EC0-301F-11D3-BF4B-00C04F79EFBC}") = "ALARm_Report", "ALARm_Report\ALARm_Report.csproj", "{B27828F5-D120-4702-B3D5-6CC723FF2CB9}"
EndProject
Project("{FAE04EC0-301F-11D3-BF4B-00C04F79EFBC}") = "ALARMBase", "AlARMBase\ALARMBase.csproj", "{7AEA55D2-1E74-4C6C-BE4D-19CD7F592FE6}"
EndProject
Project("{9A19103F-16F7-4668-BE54-9A1E7A4F7556}") = "ALARm.Core", "ALARm.Core\ALARm.Core.csproj", "{D3DDF3C2-D4B0-4747-893F-FEB0018E4635}"
EndProject
Project("{9A19103F-16F7-4668-BE54-9A1E7A4F7556}") = "ALARm.WebApi", "ALARm.WebApi\ALARm.WebApi.csproj", "{2C292BEC-EBA4-43F1-AF85-0403FB5BC4FB}"
EndProject
Project("{9A19103F-16F7-4668-BE54-9A1E7A4F7556}") = "ALARmService", "ALARmService\ALARmService.csproj", "{67D31DED-DAF4-42FB-9FCC-46725BE35C30}"
EndProject
Project("{9A19103F-16F7-4668-BE54-9A1E7A4F7556}") = "AdditionalParameters", "AdditionalParameters\AdditionalParameters.csproj", "{A9A7CD63-0EDC-4ADC-9B83-DC7682F35A85}"
EndProject
Project("{2150E333-8FDC-42A3-9474-1A3956D46DE8}") = "migration", "migration", "{829063AF-47C7-4F4A-BB0B-FD8077A66166}"
	ProjectSection(SolutionItems) = preProject
		migration.sql = migration.sql
	EndProjectSection
EndProject
Project("{9A19103F-16F7-4668-BE54-9A1E7A4F7556}") = "ms-1", "ms-1\ms-1\ms-1.csproj", "{E9958FD1-752A-4C5F-B302-F4FB07A88A75}"
EndProject
Project("{9A19103F-16F7-4668-BE54-9A1E7A4F7556}") = "ms-2", "ms-2\ms-2.csproj", "{AA8C31E1-8F71-4791-90E3-957995939091}"
EndProject
Project("{2150E333-8FDC-42A3-9474-1A3956D46DE8}") = "services", "services", "{E37316E4-1978-41E6-9EDD-6F5FFA6572A8}"
EndProject
Project("{9A19103F-16F7-4668-BE54-9A1E7A4F7556}") = "GapService", "services\GapService\GapService.csproj", "{4D5BDDBC-43A1-457F-A9AE-D567C223B411}"
EndProject
Project("{9A19103F-16F7-4668-BE54-9A1E7A4F7556}") = "MainService", "services\MainService\MainService.csproj", "{8B3E066A-1D9B-4491-A7F9-4A6DE2206F3B}"
EndProject
Project("{9A19103F-16F7-4668-BE54-9A1E7A4F7556}") = "NNService", "services\NNService\NNService.csproj", "{075BAB6C-CE17-44FD-8429-20E7ED146A78}"
EndProject
Project("{9A19103F-16F7-4668-BE54-9A1E7A4F7556}") = "BallastSevice", "services\BallastSevice\BallastSevice.csproj", "{AD19ECFD-1822-4453-AADB-ED4F5CA2D99E}"
EndProject
Project("{9A19103F-16F7-4668-BE54-9A1E7A4F7556}") = "SleepersService", "services\Shpal\SleepersService.csproj", "{D0F291A8-7330-48FC-A409-D54BC1A9E6A9}"
EndProject
Project("{9A19103F-16F7-4668-BE54-9A1E7A4F7556}") = "BoltSevice", "services\BoltSevice\BoltSevice.csproj", "{7BFB2A79-E415-4730-82EC-61A0485B63DD}"
EndProject
Project("{9A19103F-16F7-4668-BE54-9A1E7A4F7556}") = "BadfastenersService", "services\BadfastenersService\BadfastenersService.csproj", "{3BC6B5B8-14D7-47C0-BB53-B407947D2CC1}"
EndProject
Project("{9A19103F-16F7-4668-BE54-9A1E7A4F7556}") = "ListogderogationsService", "services\ListogderogationsService\ListogderogationsService.csproj", "{2F3A3232-3D88-4A62-AD9B-40983B520AB8}"
EndProject
Project("{9A19103F-16F7-4668-BE54-9A1E7A4F7556}") = "PerpenService", "services\PerpenService\PerpenService.csproj", "{03E99AC7-00FF-45D8-B388-DF7BF70ED866}"
EndProject
Project("{9A19103F-16F7-4668-BE54-9A1E7A4F7556}") = "DeviationsinfasteningService", "services\DeviationsinfasteningService\DeviationsinfasteningService.csproj", "{8409A42E-5916-4121-9645-05D0A67CCD03}"
EndProject
Project("{9A19103F-16F7-4668-BE54-9A1E7A4F7556}") = "DeviationinsleepersService", "services\Deviationinsleepers\DeviationinsleepersService.csproj", "{E4CAC895-D12A-420E-BCED-9BE0F30F67B4}"
EndProject
Project("{9A19103F-16F7-4668-BE54-9A1E7A4F7556}") = "RailCrossSectionService", "services\RailCrossSectionService\RailCrossSectionService.csproj", "{72202074-8627-4E4B-A8E5-8561208D2D6B}"
EndProject
Project("{9A19103F-16F7-4668-BE54-9A1E7A4F7556}") = "OnlinePhotoBoltsService", "ALARm.Services\OnlinePhotoBoltsService\OnlinePhotoBoltsService.csproj", "{5273964C-5BCE-4D12-A862-9456F7531CA1}"
EndProject
Global
	GlobalSection(SharedMSBuildProjectFiles) = preSolution
		ALARm.projitems*{333ae31a-6197-422b-9f9c-6a6a0814af90}*SharedItemsImports = 13
	EndGlobalSection
	GlobalSection(SolutionConfigurationPlatforms) = preSolution
		Debug|Any CPU = Debug|Any CPU
		Release|Any CPU = Release|Any CPU
	EndGlobalSection
	GlobalSection(ProjectConfigurationPlatforms) = postSolution
		{DFBEF14E-4CA6-4DAA-BDA8-526B86293F11}.Debug|Any CPU.ActiveCfg = Debug|Any CPU
		{DFBEF14E-4CA6-4DAA-BDA8-526B86293F11}.Debug|Any CPU.Build.0 = Debug|Any CPU
		{DFBEF14E-4CA6-4DAA-BDA8-526B86293F11}.Release|Any CPU.ActiveCfg = Release|Any CPU
		{DFBEF14E-4CA6-4DAA-BDA8-526B86293F11}.Release|Any CPU.Build.0 = Release|Any CPU
		{DBAF0C4F-958A-4495-BF63-16ED2121918B}.Debug|Any CPU.ActiveCfg = Debug|Any CPU
		{DBAF0C4F-958A-4495-BF63-16ED2121918B}.Debug|Any CPU.Build.0 = Debug|Any CPU
		{DBAF0C4F-958A-4495-BF63-16ED2121918B}.Release|Any CPU.ActiveCfg = Release|Any CPU
		{DBAF0C4F-958A-4495-BF63-16ED2121918B}.Release|Any CPU.Build.0 = Release|Any CPU
		{EB585C0F-691C-4F94-A2E1-DFCA99A9BC3D}.Debug|Any CPU.ActiveCfg = Debug|Any CPU
		{EB585C0F-691C-4F94-A2E1-DFCA99A9BC3D}.Debug|Any CPU.Build.0 = Debug|Any CPU
		{EB585C0F-691C-4F94-A2E1-DFCA99A9BC3D}.Release|Any CPU.ActiveCfg = Release|Any CPU
		{EB585C0F-691C-4F94-A2E1-DFCA99A9BC3D}.Release|Any CPU.Build.0 = Release|Any CPU
		{B27828F5-D120-4702-B3D5-6CC723FF2CB9}.Debug|Any CPU.ActiveCfg = Debug|Any CPU
		{B27828F5-D120-4702-B3D5-6CC723FF2CB9}.Debug|Any CPU.Build.0 = Debug|Any CPU
		{B27828F5-D120-4702-B3D5-6CC723FF2CB9}.Release|Any CPU.ActiveCfg = Release|Any CPU
		{B27828F5-D120-4702-B3D5-6CC723FF2CB9}.Release|Any CPU.Build.0 = Release|Any CPU
		{7AEA55D2-1E74-4C6C-BE4D-19CD7F592FE6}.Debug|Any CPU.ActiveCfg = Debug|Any CPU
		{7AEA55D2-1E74-4C6C-BE4D-19CD7F592FE6}.Debug|Any CPU.Build.0 = Debug|Any CPU
		{7AEA55D2-1E74-4C6C-BE4D-19CD7F592FE6}.Release|Any CPU.ActiveCfg = Release|Any CPU
		{7AEA55D2-1E74-4C6C-BE4D-19CD7F592FE6}.Release|Any CPU.Build.0 = Release|Any CPU
		{D3DDF3C2-D4B0-4747-893F-FEB0018E4635}.Debug|Any CPU.ActiveCfg = Debug|Any CPU
		{D3DDF3C2-D4B0-4747-893F-FEB0018E4635}.Debug|Any CPU.Build.0 = Debug|Any CPU
		{D3DDF3C2-D4B0-4747-893F-FEB0018E4635}.Release|Any CPU.ActiveCfg = Release|Any CPU
		{D3DDF3C2-D4B0-4747-893F-FEB0018E4635}.Release|Any CPU.Build.0 = Release|Any CPU
		{2C292BEC-EBA4-43F1-AF85-0403FB5BC4FB}.Debug|Any CPU.ActiveCfg = Debug|Any CPU
		{2C292BEC-EBA4-43F1-AF85-0403FB5BC4FB}.Debug|Any CPU.Build.0 = Debug|Any CPU
		{2C292BEC-EBA4-43F1-AF85-0403FB5BC4FB}.Release|Any CPU.ActiveCfg = Release|Any CPU
		{2C292BEC-EBA4-43F1-AF85-0403FB5BC4FB}.Release|Any CPU.Build.0 = Release|Any CPU
		{67D31DED-DAF4-42FB-9FCC-46725BE35C30}.Debug|Any CPU.ActiveCfg = Debug|Any CPU
		{67D31DED-DAF4-42FB-9FCC-46725BE35C30}.Debug|Any CPU.Build.0 = Debug|Any CPU
		{67D31DED-DAF4-42FB-9FCC-46725BE35C30}.Release|Any CPU.ActiveCfg = Release|Any CPU
		{67D31DED-DAF4-42FB-9FCC-46725BE35C30}.Release|Any CPU.Build.0 = Release|Any CPU
		{A9A7CD63-0EDC-4ADC-9B83-DC7682F35A85}.Debug|Any CPU.ActiveCfg = Debug|Any CPU
		{A9A7CD63-0EDC-4ADC-9B83-DC7682F35A85}.Debug|Any CPU.Build.0 = Debug|Any CPU
		{A9A7CD63-0EDC-4ADC-9B83-DC7682F35A85}.Release|Any CPU.ActiveCfg = Release|Any CPU
		{A9A7CD63-0EDC-4ADC-9B83-DC7682F35A85}.Release|Any CPU.Build.0 = Release|Any CPU
		{E9958FD1-752A-4C5F-B302-F4FB07A88A75}.Debug|Any CPU.ActiveCfg = Debug|Any CPU
		{E9958FD1-752A-4C5F-B302-F4FB07A88A75}.Debug|Any CPU.Build.0 = Debug|Any CPU
		{E9958FD1-752A-4C5F-B302-F4FB07A88A75}.Release|Any CPU.ActiveCfg = Release|Any CPU
		{E9958FD1-752A-4C5F-B302-F4FB07A88A75}.Release|Any CPU.Build.0 = Release|Any CPU
		{AA8C31E1-8F71-4791-90E3-957995939091}.Debug|Any CPU.ActiveCfg = Debug|Any CPU
		{AA8C31E1-8F71-4791-90E3-957995939091}.Debug|Any CPU.Build.0 = Debug|Any CPU
		{AA8C31E1-8F71-4791-90E3-957995939091}.Release|Any CPU.ActiveCfg = Release|Any CPU
		{AA8C31E1-8F71-4791-90E3-957995939091}.Release|Any CPU.Build.0 = Release|Any CPU
		{4D5BDDBC-43A1-457F-A9AE-D567C223B411}.Debug|Any CPU.ActiveCfg = Debug|Any CPU
		{4D5BDDBC-43A1-457F-A9AE-D567C223B411}.Debug|Any CPU.Build.0 = Debug|Any CPU
		{4D5BDDBC-43A1-457F-A9AE-D567C223B411}.Release|Any CPU.ActiveCfg = Release|Any CPU
		{4D5BDDBC-43A1-457F-A9AE-D567C223B411}.Release|Any CPU.Build.0 = Release|Any CPU
		{8B3E066A-1D9B-4491-A7F9-4A6DE2206F3B}.Debug|Any CPU.ActiveCfg = Debug|Any CPU
		{8B3E066A-1D9B-4491-A7F9-4A6DE2206F3B}.Debug|Any CPU.Build.0 = Debug|Any CPU
		{8B3E066A-1D9B-4491-A7F9-4A6DE2206F3B}.Release|Any CPU.ActiveCfg = Release|Any CPU
		{8B3E066A-1D9B-4491-A7F9-4A6DE2206F3B}.Release|Any CPU.Build.0 = Release|Any CPU
		{075BAB6C-CE17-44FD-8429-20E7ED146A78}.Debug|Any CPU.ActiveCfg = Debug|Any CPU
		{075BAB6C-CE17-44FD-8429-20E7ED146A78}.Debug|Any CPU.Build.0 = Debug|Any CPU
		{075BAB6C-CE17-44FD-8429-20E7ED146A78}.Release|Any CPU.ActiveCfg = Release|Any CPU
		{075BAB6C-CE17-44FD-8429-20E7ED146A78}.Release|Any CPU.Build.0 = Release|Any CPU
		{AD19ECFD-1822-4453-AADB-ED4F5CA2D99E}.Debug|Any CPU.ActiveCfg = Debug|Any CPU
		{AD19ECFD-1822-4453-AADB-ED4F5CA2D99E}.Debug|Any CPU.Build.0 = Debug|Any CPU
		{AD19ECFD-1822-4453-AADB-ED4F5CA2D99E}.Release|Any CPU.ActiveCfg = Release|Any CPU
		{AD19ECFD-1822-4453-AADB-ED4F5CA2D99E}.Release|Any CPU.Build.0 = Release|Any CPU
		{D0F291A8-7330-48FC-A409-D54BC1A9E6A9}.Debug|Any CPU.ActiveCfg = Debug|Any CPU
		{D0F291A8-7330-48FC-A409-D54BC1A9E6A9}.Debug|Any CPU.Build.0 = Debug|Any CPU
		{D0F291A8-7330-48FC-A409-D54BC1A9E6A9}.Release|Any CPU.ActiveCfg = Release|Any CPU
		{D0F291A8-7330-48FC-A409-D54BC1A9E6A9}.Release|Any CPU.Build.0 = Release|Any CPU
		{7BFB2A79-E415-4730-82EC-61A0485B63DD}.Debug|Any CPU.ActiveCfg = Debug|Any CPU
		{7BFB2A79-E415-4730-82EC-61A0485B63DD}.Debug|Any CPU.Build.0 = Debug|Any CPU
		{7BFB2A79-E415-4730-82EC-61A0485B63DD}.Release|Any CPU.ActiveCfg = Release|Any CPU
		{7BFB2A79-E415-4730-82EC-61A0485B63DD}.Release|Any CPU.Build.0 = Release|Any CPU
		{3BC6B5B8-14D7-47C0-BB53-B407947D2CC1}.Debug|Any CPU.ActiveCfg = Debug|Any CPU
		{3BC6B5B8-14D7-47C0-BB53-B407947D2CC1}.Debug|Any CPU.Build.0 = Debug|Any CPU
		{3BC6B5B8-14D7-47C0-BB53-B407947D2CC1}.Release|Any CPU.ActiveCfg = Release|Any CPU
		{3BC6B5B8-14D7-47C0-BB53-B407947D2CC1}.Release|Any CPU.Build.0 = Release|Any CPU
		{2F3A3232-3D88-4A62-AD9B-40983B520AB8}.Debug|Any CPU.ActiveCfg = Debug|Any CPU
		{2F3A3232-3D88-4A62-AD9B-40983B520AB8}.Debug|Any CPU.Build.0 = Debug|Any CPU
		{2F3A3232-3D88-4A62-AD9B-40983B520AB8}.Release|Any CPU.ActiveCfg = Release|Any CPU
		{2F3A3232-3D88-4A62-AD9B-40983B520AB8}.Release|Any CPU.Build.0 = Release|Any CPU
		{03E99AC7-00FF-45D8-B388-DF7BF70ED866}.Debug|Any CPU.ActiveCfg = Debug|Any CPU
		{03E99AC7-00FF-45D8-B388-DF7BF70ED866}.Debug|Any CPU.Build.0 = Debug|Any CPU
		{03E99AC7-00FF-45D8-B388-DF7BF70ED866}.Release|Any CPU.ActiveCfg = Release|Any CPU
		{03E99AC7-00FF-45D8-B388-DF7BF70ED866}.Release|Any CPU.Build.0 = Release|Any CPU
		{8409A42E-5916-4121-9645-05D0A67CCD03}.Debug|Any CPU.ActiveCfg = Debug|Any CPU
		{8409A42E-5916-4121-9645-05D0A67CCD03}.Debug|Any CPU.Build.0 = Debug|Any CPU
		{8409A42E-5916-4121-9645-05D0A67CCD03}.Release|Any CPU.ActiveCfg = Release|Any CPU
		{8409A42E-5916-4121-9645-05D0A67CCD03}.Release|Any CPU.Build.0 = Release|Any CPU
		{E4CAC895-D12A-420E-BCED-9BE0F30F67B4}.Debug|Any CPU.ActiveCfg = Debug|Any CPU
		{E4CAC895-D12A-420E-BCED-9BE0F30F67B4}.Debug|Any CPU.Build.0 = Debug|Any CPU
		{E4CAC895-D12A-420E-BCED-9BE0F30F67B4}.Release|Any CPU.ActiveCfg = Release|Any CPU
		{E4CAC895-D12A-420E-BCED-9BE0F30F67B4}.Release|Any CPU.Build.0 = Release|Any CPU
		{72202074-8627-4E4B-A8E5-8561208D2D6B}.Debug|Any CPU.ActiveCfg = Debug|Any CPU
		{72202074-8627-4E4B-A8E5-8561208D2D6B}.Debug|Any CPU.Build.0 = Debug|Any CPU
		{72202074-8627-4E4B-A8E5-8561208D2D6B}.Release|Any CPU.ActiveCfg = Release|Any CPU
		{72202074-8627-4E4B-A8E5-8561208D2D6B}.Release|Any CPU.Build.0 = Release|Any CPU
		{5273964C-5BCE-4D12-A862-9456F7531CA1}.Debug|Any CPU.ActiveCfg = Debug|Any CPU
		{5273964C-5BCE-4D12-A862-9456F7531CA1}.Debug|Any CPU.Build.0 = Debug|Any CPU
		{5273964C-5BCE-4D12-A862-9456F7531CA1}.Release|Any CPU.ActiveCfg = Release|Any CPU
		{5273964C-5BCE-4D12-A862-9456F7531CA1}.Release|Any CPU.Build.0 = Release|Any CPU
	EndGlobalSection
	GlobalSection(SolutionProperties) = preSolution
		HideSolutionNode = FALSE
	EndGlobalSection
	GlobalSection(NestedProjects) = preSolution
		{4D5BDDBC-43A1-457F-A9AE-D567C223B411} = {E37316E4-1978-41E6-9EDD-6F5FFA6572A8}
		{8B3E066A-1D9B-4491-A7F9-4A6DE2206F3B} = {E37316E4-1978-41E6-9EDD-6F5FFA6572A8}
		{075BAB6C-CE17-44FD-8429-20E7ED146A78} = {E37316E4-1978-41E6-9EDD-6F5FFA6572A8}
		{AD19ECFD-1822-4453-AADB-ED4F5CA2D99E} = {E37316E4-1978-41E6-9EDD-6F5FFA6572A8}
		{D0F291A8-7330-48FC-A409-D54BC1A9E6A9} = {E37316E4-1978-41E6-9EDD-6F5FFA6572A8}
		{7BFB2A79-E415-4730-82EC-61A0485B63DD} = {E37316E4-1978-41E6-9EDD-6F5FFA6572A8}
		{3BC6B5B8-14D7-47C0-BB53-B407947D2CC1} = {E37316E4-1978-41E6-9EDD-6F5FFA6572A8}
		{2F3A3232-3D88-4A62-AD9B-40983B520AB8} = {E37316E4-1978-41E6-9EDD-6F5FFA6572A8}
		{03E99AC7-00FF-45D8-B388-DF7BF70ED866} = {E37316E4-1978-41E6-9EDD-6F5FFA6572A8}
		{8409A42E-5916-4121-9645-05D0A67CCD03} = {E37316E4-1978-41E6-9EDD-6F5FFA6572A8}
		{E4CAC895-D12A-420E-BCED-9BE0F30F67B4} = {E37316E4-1978-41E6-9EDD-6F5FFA6572A8}
		{72202074-8627-4E4B-A8E5-8561208D2D6B} = {E37316E4-1978-41E6-9EDD-6F5FFA6572A8}
		{5273964C-5BCE-4D12-A862-9456F7531CA1} = {E37316E4-1978-41E6-9EDD-6F5FFA6572A8}
	EndGlobalSection
	GlobalSection(ExtensibilityGlobals) = postSolution
		VisualSVNWorkingCopyRoot = .
		SolutionGuid = {D0ED8846-31BA-4919-B919-96969F0347CF}
	EndGlobalSection
EndGlobal
